// !$*UTF8*$!
{
	archiveVersion = 1;
	classes = {
	};
	objectVersion = 50;
	objects = {

/* Begin PBXBuildFile section */
		5641BCCD28D28EA2008EC90C /* AppDelegate.swift in Sources */ = {isa = PBXBuildFile; fileRef = 5641BCCC28D28EA2008EC90C /* AppDelegate.swift */; };
		5641BCCF28D28EA2008EC90C /* SceneDelegate.swift in Sources */ = {isa = PBXBuildFile; fileRef = 5641BCCE28D28EA2008EC90C /* SceneDelegate.swift */; };
		5641BCD728D28EA2008EC90C /* Pokedex.xcdatamodeld in Sources */ = {isa = PBXBuildFile; fileRef = 5641BCD528D28EA2008EC90C /* Pokedex.xcdatamodeld */; };
		5641BCD928D28EAB008EC90C /* Assets.xcassets in Resources */ = {isa = PBXBuildFile; fileRef = 5641BCD828D28EAB008EC90C /* Assets.xcassets */; };
		5641BCDC28D28EAB008EC90C /* LaunchScreen.storyboard in Resources */ = {isa = PBXBuildFile; fileRef = 5641BCDA28D28EAB008EC90C /* LaunchScreen.storyboard */; };
		5641BCE728D28EAB008EC90C /* PokedexTests.swift in Sources */ = {isa = PBXBuildFile; fileRef = 5641BCE628D28EAB008EC90C /* PokedexTests.swift */; };
		5641BCF228D28EAB008EC90C /* PokedexUITests.swift in Sources */ = {isa = PBXBuildFile; fileRef = 5641BCF128D28EAB008EC90C /* PokedexUITests.swift */; };
		5641BD1428D2C7F5008EC90C /* PokemonListViewController.swift in Sources */ = {isa = PBXBuildFile; fileRef = 5641BD1328D2C7F5008EC90C /* PokemonListViewController.swift */; };
		5641BD1A28D2C8F8008EC90C /* PokemonListProtocols.swift in Sources */ = {isa = PBXBuildFile; fileRef = 5641BD1928D2C8F8008EC90C /* PokemonListProtocols.swift */; };
		5641BD2228D2CB52008EC90C /* PokemonListWireFrame.swift in Sources */ = {isa = PBXBuildFile; fileRef = 5641BD2128D2CB52008EC90C /* PokemonListWireFrame.swift */; };
		5641BD2A28D2CBCE008EC90C /* PokemonListPresenter.swift in Sources */ = {isa = PBXBuildFile; fileRef = 5641BD2928D2CBCE008EC90C /* PokemonListPresenter.swift */; };
		5641BD2F28D2CE07008EC90C /* PokemonListInteractor.swift in Sources */ = {isa = PBXBuildFile; fileRef = 5641BD2E28D2CE07008EC90C /* PokemonListInteractor.swift */; };
		567566C828D36DE400972FF1 /* PokemonCell.swift in Sources */ = {isa = PBXBuildFile; fileRef = 567566C728D36DE400972FF1 /* PokemonCell.swift */; };
/* End PBXBuildFile section */

/* Begin PBXContainerItemProxy section */
		5641BCE328D28EAB008EC90C /* PBXContainerItemProxy */ = {
			isa = PBXContainerItemProxy;
			containerPortal = 5641BCC128D28EA2008EC90C /* Project object */;
			proxyType = 1;
			remoteGlobalIDString = 5641BCC828D28EA2008EC90C;
			remoteInfo = Pokedex;
		};
		5641BCEE28D28EAB008EC90C /* PBXContainerItemProxy */ = {
			isa = PBXContainerItemProxy;
			containerPortal = 5641BCC128D28EA2008EC90C /* Project object */;
			proxyType = 1;
			remoteGlobalIDString = 5641BCC828D28EA2008EC90C;
			remoteInfo = Pokedex;
		};
/* End PBXContainerItemProxy section */

/* Begin PBXFileReference section */
		5641BCC928D28EA2008EC90C /* Pokedex.app */ = {isa = PBXFileReference; explicitFileType = wrapper.application; includeInIndex = 0; path = Pokedex.app; sourceTree = BUILT_PRODUCTS_DIR; };
		5641BCCC28D28EA2008EC90C /* AppDelegate.swift */ = {isa = PBXFileReference; lastKnownFileType = sourcecode.swift; path = AppDelegate.swift; sourceTree = "<group>"; };
		5641BCCE28D28EA2008EC90C /* SceneDelegate.swift */ = {isa = PBXFileReference; lastKnownFileType = sourcecode.swift; path = SceneDelegate.swift; sourceTree = "<group>"; };
		5641BCD628D28EA2008EC90C /* Pokedex.xcdatamodel */ = {isa = PBXFileReference; lastKnownFileType = wrapper.xcdatamodel; path = Pokedex.xcdatamodel; sourceTree = "<group>"; };
		5641BCD828D28EAB008EC90C /* Assets.xcassets */ = {isa = PBXFileReference; lastKnownFileType = folder.assetcatalog; path = Assets.xcassets; sourceTree = "<group>"; };
		5641BCDB28D28EAB008EC90C /* Base */ = {isa = PBXFileReference; lastKnownFileType = file.storyboard; name = Base; path = Base.lproj/LaunchScreen.storyboard; sourceTree = "<group>"; };
		5641BCDD28D28EAB008EC90C /* Info.plist */ = {isa = PBXFileReference; lastKnownFileType = text.plist.xml; path = Info.plist; sourceTree = "<group>"; };
		5641BCE228D28EAB008EC90C /* PokedexTests.xctest */ = {isa = PBXFileReference; explicitFileType = wrapper.cfbundle; includeInIndex = 0; path = PokedexTests.xctest; sourceTree = BUILT_PRODUCTS_DIR; };
		5641BCE628D28EAB008EC90C /* PokedexTests.swift */ = {isa = PBXFileReference; lastKnownFileType = sourcecode.swift; path = PokedexTests.swift; sourceTree = "<group>"; };
		5641BCE828D28EAB008EC90C /* Info.plist */ = {isa = PBXFileReference; lastKnownFileType = text.plist.xml; path = Info.plist; sourceTree = "<group>"; };
		5641BCED28D28EAB008EC90C /* PokedexUITests.xctest */ = {isa = PBXFileReference; explicitFileType = wrapper.cfbundle; includeInIndex = 0; path = PokedexUITests.xctest; sourceTree = BUILT_PRODUCTS_DIR; };
		5641BCF128D28EAB008EC90C /* PokedexUITests.swift */ = {isa = PBXFileReference; lastKnownFileType = sourcecode.swift; path = PokedexUITests.swift; sourceTree = "<group>"; };
		5641BCF328D28EAB008EC90C /* Info.plist */ = {isa = PBXFileReference; lastKnownFileType = text.plist.xml; path = Info.plist; sourceTree = "<group>"; };
		5641BD1328D2C7F5008EC90C /* PokemonListViewController.swift */ = {isa = PBXFileReference; lastKnownFileType = sourcecode.swift; path = PokemonListViewController.swift; sourceTree = "<group>"; };
		5641BD1928D2C8F8008EC90C /* PokemonListProtocols.swift */ = {isa = PBXFileReference; lastKnownFileType = sourcecode.swift; path = PokemonListProtocols.swift; sourceTree = "<group>"; };
		5641BD2128D2CB52008EC90C /* PokemonListWireFrame.swift */ = {isa = PBXFileReference; lastKnownFileType = sourcecode.swift; path = PokemonListWireFrame.swift; sourceTree = "<group>"; };
		5641BD2928D2CBCE008EC90C /* PokemonListPresenter.swift */ = {isa = PBXFileReference; lastKnownFileType = sourcecode.swift; path = PokemonListPresenter.swift; sourceTree = "<group>"; };
		5641BD2E28D2CE07008EC90C /* PokemonListInteractor.swift */ = {isa = PBXFileReference; lastKnownFileType = sourcecode.swift; path = PokemonListInteractor.swift; sourceTree = "<group>"; };
		567566C728D36DE400972FF1 /* PokemonCell.swift */ = {isa = PBXFileReference; lastKnownFileType = sourcecode.swift; path = PokemonCell.swift; sourceTree = "<group>"; };
/* End PBXFileReference section */

/* Begin PBXFrameworksBuildPhase section */
		5641BCC628D28EA2008EC90C /* Frameworks */ = {
			isa = PBXFrameworksBuildPhase;
			buildActionMask = 2147483647;
			files = (
			);
			runOnlyForDeploymentPostprocessing = 0;
		};
		5641BCDF28D28EAB008EC90C /* Frameworks */ = {
			isa = PBXFrameworksBuildPhase;
			buildActionMask = 2147483647;
			files = (
			);
			runOnlyForDeploymentPostprocessing = 0;
		};
		5641BCEA28D28EAB008EC90C /* Frameworks */ = {
			isa = PBXFrameworksBuildPhase;
			buildActionMask = 2147483647;
			files = (
			);
			runOnlyForDeploymentPostprocessing = 0;
		};
/* End PBXFrameworksBuildPhase section */

/* Begin PBXGroup section */
		5641BCC028D28EA2008EC90C = {
			isa = PBXGroup;
			children = (
				5641BCCB28D28EA2008EC90C /* Pokedex */,
				5641BCE528D28EAB008EC90C /* PokedexTests */,
				5641BCF028D28EAB008EC90C /* PokedexUITests */,
				5641BCCA28D28EA2008EC90C /* Products */,
			);
			sourceTree = "<group>";
		};
		5641BCCA28D28EA2008EC90C /* Products */ = {
			isa = PBXGroup;
			children = (
				5641BCC928D28EA2008EC90C /* Pokedex.app */,
				5641BCE228D28EAB008EC90C /* PokedexTests.xctest */,
				5641BCED28D28EAB008EC90C /* PokedexUITests.xctest */,
			);
			name = Products;
			sourceTree = "<group>";
		};
		5641BCCB28D28EA2008EC90C /* Pokedex */ = {
			isa = PBXGroup;
			children = (
				5641BD4E28D36C5B008EC90C /* Modules */,
				5641BD4D28D36A54008EC90C /* App */,
				5641BCD828D28EAB008EC90C /* Assets.xcassets */,
				5641BCDA28D28EAB008EC90C /* LaunchScreen.storyboard */,
				5641BCD528D28EA2008EC90C /* Pokedex.xcdatamodeld */,
				5641BCDD28D28EAB008EC90C /* Info.plist */,
			);
			path = Pokedex;
			sourceTree = "<group>";
		};
		5641BCE528D28EAB008EC90C /* PokedexTests */ = {
			isa = PBXGroup;
			children = (
				5641BCE628D28EAB008EC90C /* PokedexTests.swift */,
				5641BCE828D28EAB008EC90C /* Info.plist */,
			);
			path = PokedexTests;
			sourceTree = "<group>";
		};
		5641BCF028D28EAB008EC90C /* PokedexUITests */ = {
			isa = PBXGroup;
			children = (
				5641BCF128D28EAB008EC90C /* PokedexUITests.swift */,
				5641BCF328D28EAB008EC90C /* Info.plist */,
			);
			path = PokedexUITests;
			sourceTree = "<group>";
		};
		5641BD0228D2C6DB008EC90C /* PokemonList */ = {
			isa = PBXGroup;
			children = (
				5641BD1828D2C8BD008EC90C /* Protocols */,
				5641BD0728D2C70B008EC90C /* Entity */,
				5641BD0628D2C701008EC90C /* Presenter */,
				5641BD0528D2C6FB008EC90C /* Interactor */,
				5641BD0428D2C6F4008EC90C /* WireFrame */,
				5641BD0328D2C6EF008EC90C /* View */,
			);
			path = PokemonList;
			sourceTree = "<group>";
		};
		5641BD0328D2C6EF008EC90C /* View */ = {
			isa = PBXGroup;
			children = (
				5641BD1328D2C7F5008EC90C /* PokemonListViewController.swift */,
				567566C728D36DE400972FF1 /* PokemonCell.swift */,
			);
			path = View;
			sourceTree = "<group>";
		};
		5641BD0428D2C6F4008EC90C /* WireFrame */ = {
			isa = PBXGroup;
			children = (
				5641BD2128D2CB52008EC90C /* PokemonListWireFrame.swift */,
			);
			path = WireFrame;
			sourceTree = "<group>";
		};
		5641BD0528D2C6FB008EC90C /* Interactor */ = {
			isa = PBXGroup;
			children = (
				5641BD2E28D2CE07008EC90C /* PokemonListInteractor.swift */,
			);
			path = Interactor;
			sourceTree = "<group>";
		};
		5641BD0628D2C701008EC90C /* Presenter */ = {
			isa = PBXGroup;
			children = (
				5641BD2928D2CBCE008EC90C /* PokemonListPresenter.swift */,
			);
			path = Presenter;
			sourceTree = "<group>";
		};
		5641BD0728D2C70B008EC90C /* Entity */ = {
			isa = PBXGroup;
			children = (
			);
			path = Entity;
			sourceTree = "<group>";
		};
		5641BD1828D2C8BD008EC90C /* Protocols */ = {
			isa = PBXGroup;
			children = (
				5641BD1928D2C8F8008EC90C /* PokemonListProtocols.swift */,
			);
			path = Protocols;
			sourceTree = "<group>";
		};
		5641BD4D28D36A54008EC90C /* App */ = {
			isa = PBXGroup;
			children = (
				5641BCCC28D28EA2008EC90C /* AppDelegate.swift */,
				5641BCCE28D28EA2008EC90C /* SceneDelegate.swift */,
			);
			path = App;
			sourceTree = "<group>";
		};
		5641BD4E28D36C5B008EC90C /* Modules */ = {
			isa = PBXGroup;
			children = (
				5641BD0228D2C6DB008EC90C /* PokemonList */,
			);
			path = Modules;
			sourceTree = "<group>";
		};
/* End PBXGroup section */

/* Begin PBXNativeTarget section */
		5641BCC828D28EA2008EC90C /* Pokedex */ = {
			isa = PBXNativeTarget;
			buildConfigurationList = 5641BCF628D28EAB008EC90C /* Build configuration list for PBXNativeTarget "Pokedex" */;
			buildPhases = (
				5641BCC528D28EA2008EC90C /* Sources */,
				5641BCC628D28EA2008EC90C /* Frameworks */,
				5641BCC728D28EA2008EC90C /* Resources */,
			);
			buildRules = (
			);
			dependencies = (
			);
			name = Pokedex;
			productName = Pokedex;
			productReference = 5641BCC928D28EA2008EC90C /* Pokedex.app */;
			productType = "com.apple.product-type.application";
		};
		5641BCE128D28EAB008EC90C /* PokedexTests */ = {
			isa = PBXNativeTarget;
			buildConfigurationList = 5641BCF928D28EAB008EC90C /* Build configuration list for PBXNativeTarget "PokedexTests" */;
			buildPhases = (
				5641BCDE28D28EAB008EC90C /* Sources */,
				5641BCDF28D28EAB008EC90C /* Frameworks */,
				5641BCE028D28EAB008EC90C /* Resources */,
			);
			buildRules = (
			);
			dependencies = (
				5641BCE428D28EAB008EC90C /* PBXTargetDependency */,
			);
			name = PokedexTests;
			productName = PokedexTests;
			productReference = 5641BCE228D28EAB008EC90C /* PokedexTests.xctest */;
			productType = "com.apple.product-type.bundle.unit-test";
		};
		5641BCEC28D28EAB008EC90C /* PokedexUITests */ = {
			isa = PBXNativeTarget;
			buildConfigurationList = 5641BCFC28D28EAB008EC90C /* Build configuration list for PBXNativeTarget "PokedexUITests" */;
			buildPhases = (
				5641BCE928D28EAB008EC90C /* Sources */,
				5641BCEA28D28EAB008EC90C /* Frameworks */,
				5641BCEB28D28EAB008EC90C /* Resources */,
			);
			buildRules = (
			);
			dependencies = (
				5641BCEF28D28EAB008EC90C /* PBXTargetDependency */,
			);
			name = PokedexUITests;
			productName = PokedexUITests;
			productReference = 5641BCED28D28EAB008EC90C /* PokedexUITests.xctest */;
			productType = "com.apple.product-type.bundle.ui-testing";
		};
/* End PBXNativeTarget section */

/* Begin PBXProject section */
		5641BCC128D28EA2008EC90C /* Project object */ = {
			isa = PBXProject;
			attributes = {
				LastSwiftUpdateCheck = 1210;
				LastUpgradeCheck = 1210;
				TargetAttributes = {
					5641BCC828D28EA2008EC90C = {
						CreatedOnToolsVersion = 12.1;
					};
					5641BCE128D28EAB008EC90C = {
						CreatedOnToolsVersion = 12.1;
						TestTargetID = 5641BCC828D28EA2008EC90C;
					};
					5641BCEC28D28EAB008EC90C = {
						CreatedOnToolsVersion = 12.1;
						TestTargetID = 5641BCC828D28EA2008EC90C;
					};
				};
			};
			buildConfigurationList = 5641BCC428D28EA2008EC90C /* Build configuration list for PBXProject "Pokedex" */;
			compatibilityVersion = "Xcode 9.3";
			developmentRegion = en;
			hasScannedForEncodings = 0;
			knownRegions = (
				en,
				Base,
			);
			mainGroup = 5641BCC028D28EA2008EC90C;
			productRefGroup = 5641BCCA28D28EA2008EC90C /* Products */;
			projectDirPath = "";
			projectRoot = "";
			targets = (
				5641BCC828D28EA2008EC90C /* Pokedex */,
				5641BCE128D28EAB008EC90C /* PokedexTests */,
				5641BCEC28D28EAB008EC90C /* PokedexUITests */,
			);
		};
/* End PBXProject section */

/* Begin PBXResourcesBuildPhase section */
		5641BCC728D28EA2008EC90C /* Resources */ = {
			isa = PBXResourcesBuildPhase;
			buildActionMask = 2147483647;
			files = (
				5641BCDC28D28EAB008EC90C /* LaunchScreen.storyboard in Resources */,
				5641BCD928D28EAB008EC90C /* Assets.xcassets in Resources */,
			);
			runOnlyForDeploymentPostprocessing = 0;
		};
		5641BCE028D28EAB008EC90C /* Resources */ = {
			isa = PBXResourcesBuildPhase;
			buildActionMask = 2147483647;
			files = (
			);
			runOnlyForDeploymentPostprocessing = 0;
		};
		5641BCEB28D28EAB008EC90C /* Resources */ = {
			isa = PBXResourcesBuildPhase;
			buildActionMask = 2147483647;
			files = (
			);
			runOnlyForDeploymentPostprocessing = 0;
		};
/* End PBXResourcesBuildPhase section */

/* Begin PBXSourcesBuildPhase section */
		5641BCC528D28EA2008EC90C /* Sources */ = {
			isa = PBXSourcesBuildPhase;
			buildActionMask = 2147483647;
			files = (
				5641BD2228D2CB52008EC90C /* PokemonListWireFrame.swift in Sources */,
				5641BCD728D28EA2008EC90C /* Pokedex.xcdatamodeld in Sources */,
				5641BD2A28D2CBCE008EC90C /* PokemonListPresenter.swift in Sources */,
				5641BD2F28D2CE07008EC90C /* PokemonListInteractor.swift in Sources */,
				5641BCCD28D28EA2008EC90C /* AppDelegate.swift in Sources */,
				5641BD1A28D2C8F8008EC90C /* PokemonListProtocols.swift in Sources */,
				5641BD1428D2C7F5008EC90C /* PokemonListViewController.swift in Sources */,
				5641BCCF28D28EA2008EC90C /* SceneDelegate.swift in Sources */,
				567566C828D36DE400972FF1 /* PokemonCell.swift in Sources */,
			);
			runOnlyForDeploymentPostprocessing = 0;
		};
		5641BCDE28D28EAB008EC90C /* Sources */ = {
			isa = PBXSourcesBuildPhase;
			buildActionMask = 2147483647;
			files = (
				5641BCE728D28EAB008EC90C /* PokedexTests.swift in Sources */,
			);
			runOnlyForDeploymentPostprocessing = 0;
		};
		5641BCE928D28EAB008EC90C /* Sources */ = {
			isa = PBXSourcesBuildPhase;
			buildActionMask = 2147483647;
			files = (
				5641BCF228D28EAB008EC90C /* PokedexUITests.swift in Sources */,
			);
			runOnlyForDeploymentPostprocessing = 0;
		};
/* End PBXSourcesBuildPhase section */

/* Begin PBXTargetDependency section */
		5641BCE428D28EAB008EC90C /* PBXTargetDependency */ = {
			isa = PBXTargetDependency;
			target = 5641BCC828D28EA2008EC90C /* Pokedex */;
			targetProxy = 5641BCE328D28EAB008EC90C /* PBXContainerItemProxy */;
		};
		5641BCEF28D28EAB008EC90C /* PBXTargetDependency */ = {
			isa = PBXTargetDependency;
			target = 5641BCC828D28EA2008EC90C /* Pokedex */;
			targetProxy = 5641BCEE28D28EAB008EC90C /* PBXContainerItemProxy */;
		};
/* End PBXTargetDependency section */

/* Begin PBXVariantGroup section */
		5641BCDA28D28EAB008EC90C /* LaunchScreen.storyboard */ = {
			isa = PBXVariantGroup;
			children = (
				5641BCDB28D28EAB008EC90C /* Base */,
			);
			name = LaunchScreen.storyboard;
			sourceTree = "<group>";
		};
/* End PBXVariantGroup section */

/* Begin XCBuildConfiguration section */
		5641BCF428D28EAB008EC90C /* Debug */ = {
			isa = XCBuildConfiguration;
			buildSettings = {
				ALWAYS_SEARCH_USER_PATHS = NO;
				CLANG_ANALYZER_NONNULL = YES;
				CLANG_ANALYZER_NUMBER_OBJECT_CONVERSION = YES_AGGRESSIVE;
				CLANG_CXX_LANGUAGE_STANDARD = "gnu++14";
				CLANG_CXX_LIBRARY = "libc++";
				CLANG_ENABLE_MODULES = YES;
				CLANG_ENABLE_OBJC_ARC = YES;
				CLANG_ENABLE_OBJC_WEAK = YES;
				CLANG_WARN_BLOCK_CAPTURE_AUTORELEASING = YES;
				CLANG_WARN_BOOL_CONVERSION = YES;
				CLANG_WARN_COMMA = YES;
				CLANG_WARN_CONSTANT_CONVERSION = YES;
				CLANG_WARN_DEPRECATED_OBJC_IMPLEMENTATIONS = YES;
				CLANG_WARN_DIRECT_OBJC_ISA_USAGE = YES_ERROR;
				CLANG_WARN_DOCUMENTATION_COMMENTS = YES;
				CLANG_WARN_EMPTY_BODY = YES;
				CLANG_WARN_ENUM_CONVERSION = YES;
				CLANG_WARN_INFINITE_RECURSION = YES;
				CLANG_WARN_INT_CONVERSION = YES;
				CLANG_WARN_NON_LITERAL_NULL_CONVERSION = YES;
				CLANG_WARN_OBJC_IMPLICIT_RETAIN_SELF = YES;
				CLANG_WARN_OBJC_LITERAL_CONVERSION = YES;
				CLANG_WARN_OBJC_ROOT_CLASS = YES_ERROR;
				CLANG_WARN_QUOTED_INCLUDE_IN_FRAMEWORK_HEADER = YES;
				CLANG_WARN_RANGE_LOOP_ANALYSIS = YES;
				CLANG_WARN_STRICT_PROTOTYPES = YES;
				CLANG_WARN_SUSPICIOUS_MOVE = YES;
				CLANG_WARN_UNGUARDED_AVAILABILITY = YES_AGGRESSIVE;
				CLANG_WARN_UNREACHABLE_CODE = YES;
				CLANG_WARN__DUPLICATE_METHOD_MATCH = YES;
				COPY_PHASE_STRIP = NO;
				DEBUG_INFORMATION_FORMAT = dwarf;
				ENABLE_STRICT_OBJC_MSGSEND = YES;
				ENABLE_TESTABILITY = YES;
				GCC_C_LANGUAGE_STANDARD = gnu11;
				GCC_DYNAMIC_NO_PIC = NO;
				GCC_NO_COMMON_BLOCKS = YES;
				GCC_OPTIMIZATION_LEVEL = 0;
				GCC_PREPROCESSOR_DEFINITIONS = (
					"DEBUG=1",
					"$(inherited)",
				);
				GCC_WARN_64_TO_32_BIT_CONVERSION = YES;
				GCC_WARN_ABOUT_RETURN_TYPE = YES_ERROR;
				GCC_WARN_UNDECLARED_SELECTOR = YES;
				GCC_WARN_UNINITIALIZED_AUTOS = YES_AGGRESSIVE;
				GCC_WARN_UNUSED_FUNCTION = YES;
				GCC_WARN_UNUSED_VARIABLE = YES;
				IPHONEOS_DEPLOYMENT_TARGET = 14.1;
				MTL_ENABLE_DEBUG_INFO = INCLUDE_SOURCE;
				MTL_FAST_MATH = YES;
				ONLY_ACTIVE_ARCH = YES;
				SDKROOT = iphoneos;
				SWIFT_ACTIVE_COMPILATION_CONDITIONS = DEBUG;
				SWIFT_OPTIMIZATION_LEVEL = "-Onone";
			};
			name = Debug;
		};
		5641BCF528D28EAB008EC90C /* Release */ = {
			isa = XCBuildConfiguration;
			buildSettings = {
				ALWAYS_SEARCH_USER_PATHS = NO;
				CLANG_ANALYZER_NONNULL = YES;
				CLANG_ANALYZER_NUMBER_OBJECT_CONVERSION = YES_AGGRESSIVE;
				CLANG_CXX_LANGUAGE_STANDARD = "gnu++14";
				CLANG_CXX_LIBRARY = "libc++";
				CLANG_ENABLE_MODULES = YES;
				CLANG_ENABLE_OBJC_ARC = YES;
				CLANG_ENABLE_OBJC_WEAK = YES;
				CLANG_WARN_BLOCK_CAPTURE_AUTORELEASING = YES;
				CLANG_WARN_BOOL_CONVERSION = YES;
				CLANG_WARN_COMMA = YES;
				CLANG_WARN_CONSTANT_CONVERSION = YES;
				CLANG_WARN_DEPRECATED_OBJC_IMPLEMENTATIONS = YES;
				CLANG_WARN_DIRECT_OBJC_ISA_USAGE = YES_ERROR;
				CLANG_WARN_DOCUMENTATION_COMMENTS = YES;
				CLANG_WARN_EMPTY_BODY = YES;
				CLANG_WARN_ENUM_CONVERSION = YES;
				CLANG_WARN_INFINITE_RECURSION = YES;
				CLANG_WARN_INT_CONVERSION = YES;
				CLANG_WARN_NON_LITERAL_NULL_CONVERSION = YES;
				CLANG_WARN_OBJC_IMPLICIT_RETAIN_SELF = YES;
				CLANG_WARN_OBJC_LITERAL_CONVERSION = YES;
				CLANG_WARN_OBJC_ROOT_CLASS = YES_ERROR;
				CLANG_WARN_QUOTED_INCLUDE_IN_FRAMEWORK_HEADER = YES;
				CLANG_WARN_RANGE_LOOP_ANALYSIS = YES;
				CLANG_WARN_STRICT_PROTOTYPES = YES;
				CLANG_WARN_SUSPICIOUS_MOVE = YES;
				CLANG_WARN_UNGUARDED_AVAILABILITY = YES_AGGRESSIVE;
				CLANG_WARN_UNREACHABLE_CODE = YES;
				CLANG_WARN__DUPLICATE_METHOD_MATCH = YES;
				COPY_PHASE_STRIP = NO;
				DEBUG_INFORMATION_FORMAT = "dwarf-with-dsym";
				ENABLE_NS_ASSERTIONS = NO;
				ENABLE_STRICT_OBJC_MSGSEND = YES;
				GCC_C_LANGUAGE_STANDARD = gnu11;
				GCC_NO_COMMON_BLOCKS = YES;
				GCC_WARN_64_TO_32_BIT_CONVERSION = YES;
				GCC_WARN_ABOUT_RETURN_TYPE = YES_ERROR;
				GCC_WARN_UNDECLARED_SELECTOR = YES;
				GCC_WARN_UNINITIALIZED_AUTOS = YES_AGGRESSIVE;
				GCC_WARN_UNUSED_FUNCTION = YES;
				GCC_WARN_UNUSED_VARIABLE = YES;
				IPHONEOS_DEPLOYMENT_TARGET = 14.1;
				MTL_ENABLE_DEBUG_INFO = NO;
				MTL_FAST_MATH = YES;
				SDKROOT = iphoneos;
				SWIFT_COMPILATION_MODE = wholemodule;
				SWIFT_OPTIMIZATION_LEVEL = "-O";
				VALIDATE_PRODUCT = YES;
			};
			name = Release;
		};
		5641BCF728D28EAB008EC90C /* Debug */ = {
			isa = XCBuildConfiguration;
			buildSettings = {
				ASSETCATALOG_COMPILER_APPICON_NAME = AppIcon;
				ASSETCATALOG_COMPILER_GLOBAL_ACCENT_COLOR_NAME = AccentColor;
				CODE_SIGN_STYLE = Automatic;
				INFOPLIST_FILE = Pokedex/Info.plist;
				LD_RUNPATH_SEARCH_PATHS = (
					"$(inherited)",
					"@executable_path/Frameworks",
				);
				PRODUCT_BUNDLE_IDENTIFIER = com.gerardo.Pokedex;
				PRODUCT_NAME = "$(TARGET_NAME)";
				SWIFT_VERSION = 5.0;
				TARGETED_DEVICE_FAMILY = "1,2";
			};
			name = Debug;
		};
		5641BCF828D28EAB008EC90C /* Release */ = {
			isa = XCBuildConfiguration;
			buildSettings = {
				ASSETCATALOG_COMPILER_APPICON_NAME = AppIcon;
				ASSETCATALOG_COMPILER_GLOBAL_ACCENT_COLOR_NAME = AccentColor;
				CODE_SIGN_STYLE = Automatic;
				INFOPLIST_FILE = Pokedex/Info.plist;
				LD_RUNPATH_SEARCH_PATHS = (
					"$(inherited)",
					"@executable_path/Frameworks",
				);
				PRODUCT_BUNDLE_IDENTIFIER = com.gerardo.Pokedex;
				PRODUCT_NAME = "$(TARGET_NAME)";
				SWIFT_VERSION = 5.0;
				TARGETED_DEVICE_FAMILY = "1,2";
			};
			name = Release;
		};
		5641BCFA28D28EAB008EC90C /* Debug */ = {
			isa = XCBuildConfiguration;
			buildSettings = {
				ALWAYS_EMBED_SWIFT_STANDARD_LIBRARIES = YES;
				BUNDLE_LOADER = "$(TEST_HOST)";
				CODE_SIGN_STYLE = Automatic;
				INFOPLIST_FILE = PokedexTests/Info.plist;
				IPHONEOS_DEPLOYMENT_TARGET = 14.1;
				LD_RUNPATH_SEARCH_PATHS = (
					"$(inherited)",
					"@executable_path/Frameworks",
					"@loader_path/Frameworks",
				);
				PRODUCT_BUNDLE_IDENTIFIER = com.gerardo.PokedexTests;
				PRODUCT_NAME = "$(TARGET_NAME)";
				SWIFT_VERSION = 5.0;
				TARGETED_DEVICE_FAMILY = "1,2";
				TEST_HOST = "$(BUILT_PRODUCTS_DIR)/Pokedex.app/Pokedex";
			};
			name = Debug;
		};
		5641BCFB28D28EAB008EC90C /* Release */ = {
			isa = XCBuildConfiguration;
			buildSettings = {
				ALWAYS_EMBED_SWIFT_STANDARD_LIBRARIES = YES;
				BUNDLE_LOADER = "$(TEST_HOST)";
				CODE_SIGN_STYLE = Automatic;
				INFOPLIST_FILE = PokedexTests/Info.plist;
				IPHONEOS_DEPLOYMENT_TARGET = 14.1;
				LD_RUNPATH_SEARCH_PATHS = (
					"$(inherited)",
					"@executable_path/Frameworks",
					"@loader_path/Frameworks",
				);
				PRODUCT_BUNDLE_IDENTIFIER = com.gerardo.PokedexTests;
				PRODUCT_NAME = "$(TARGET_NAME)";
				SWIFT_VERSION = 5.0;
				TARGETED_DEVICE_FAMILY = "1,2";
				TEST_HOST = "$(BUILT_PRODUCTS_DIR)/Pokedex.app/Pokedex";
			};
			name = Release;
		};
		5641BCFD28D28EAB008EC90C /* Debug */ = {
			isa = XCBuildConfiguration;
			buildSettings = {
				ALWAYS_EMBED_SWIFT_STANDARD_LIBRARIES = YES;
				CODE_SIGN_STYLE = Automatic;
				INFOPLIST_FILE = PokedexUITests/Info.plist;
				LD_RUNPATH_SEARCH_PATHS = (
					"$(inherited)",
					"@executable_path/Frameworks",
					"@loader_path/Frameworks",
				);
				PRODUCT_BUNDLE_IDENTIFIER = com.gerardo.PokedexUITests;
				PRODUCT_NAME = "$(TARGET_NAME)";
				SWIFT_VERSION = 5.0;
				TARGETED_DEVICE_FAMILY = "1,2";
				TEST_TARGET_NAME = Pokedex;
			};
			name = Debug;
		};
		5641BCFE28D28EAB008EC90C /* Release */ = {
			isa = XCBuildConfiguration;
			buildSettings = {
				ALWAYS_EMBED_SWIFT_STANDARD_LIBRARIES = YES;
				CODE_SIGN_STYLE = Automatic;
				INFOPLIST_FILE = PokedexUITests/Info.plist;
				LD_RUNPATH_SEARCH_PATHS = (
					"$(inherited)",
					"@executable_path/Frameworks",
					"@loader_path/Frameworks",
				);
				PRODUCT_BUNDLE_IDENTIFIER = com.gerardo.PokedexUITests;
				PRODUCT_NAME = "$(TARGET_NAME)";
				SWIFT_VERSION = 5.0;
				TARGETED_DEVICE_FAMILY = "1,2";
				TEST_TARGET_NAME = Pokedex;
			};
			name = Release;
		};
/* End XCBuildConfiguration section */

/* Begin XCConfigurationList section */
		5641BCC428D28EA2008EC90C /* Build configuration list for PBXProject "Pokedex" */ = {
			isa = XCConfigurationList;
			buildConfigurations = (
				5641BCF428D28EAB008EC90C /* Debug */,
				5641BCF528D28EAB008EC90C /* Release */,
			);
			defaultConfigurationIsVisible = 0;
			defaultConfigurationName = Release;
		};
		5641BCF628D28EAB008EC90C /* Build configuration list for PBXNativeTarget "Pokedex" */ = {
			isa = XCConfigurationList;
			buildConfigurations = (
				5641BCF728D28EAB008EC90C /* Debug */,
				5641BCF828D28EAB008EC90C /* Release */,
			);
			defaultConfigurationIsVisible = 0;
			defaultConfigurationName = Release;
		};
		5641BCF928D28EAB008EC90C /* Build configuration list for PBXNativeTarget "PokedexTests" */ = {
			isa = XCConfigurationList;
			buildConfigurations = (
				5641BCFA28D28EAB008EC90C /* Debug */,
				5641BCFB28D28EAB008EC90C /* Release */,
			);
			defaultConfigurationIsVisible = 0;
			defaultConfigurationName = Release;
		};
		5641BCFC28D28EAB008EC90C /* Build configuration list for PBXNativeTarget "PokedexUITests" */ = {
			isa = XCConfigurationList;
			buildConfigurations = (
				5641BCFD28D28EAB008EC90C /* Debug */,
				5641BCFE28D28EAB008EC90C /* Release */,
			);
			defaultConfigurationIsVisible = 0;
			defaultConfigurationName = Release;
		};
/* End XCConfigurationList section */

/* Begin XCVersionGroup section */
		5641BCD528D28EA2008EC90C /* Pokedex.xcdatamodeld */ = {
			isa = XCVersionGroup;
			children = (
				5641BCD628D28EA2008EC90C /* Pokedex.xcdatamodel */,
			);
			currentVersion = 5641BCD628D28EA2008EC90C /* Pokedex.xcdatamodel */;
			path = Pokedex.xcdatamodeld;
			sourceTree = "<group>";
			versionGroupType = wrapper.xcdatamodel;
		};
/* End XCVersionGroup section */
	};
	rootObject = 5641BCC128D28EA2008EC90C /* Project object */;
}
